
Microsoft Visual Studio Solution File, Format Version 12.00
# Visual Studio Version 16
VisualStudioVersion = 16.0.30011.22
MinimumVisualStudioVersion = 10.0.40219.1
Project("{2150E333-8FDC-42A3-9474-1A3956D46DE8}") = "Ingredients", "Ingredients", "{F6D6D8C7-3D74-492A-8ECA-80597586357C}"
EndProject
Project("{9A19103F-16F7-4668-BE54-9A1E7A4F7556}") = "CarbonKitchen.Ingredients.Api", "Ingredients\CarbonKitchen.Ingredients.Api\CarbonKitchen.Ingredients.Api\CarbonKitchen.Ingredients.Api.csproj", "{4C1F35D0-0D74-4A45-959B-26BFCAEC6186}"
EndProject
Project("{9A19103F-16F7-4668-BE54-9A1E7A4F7556}") = "CarbonKitchen.Ingredients.Api.Models", "Ingredients\CarbonKitchen.Ingredients.Api\CarbonKitchen.Ingredients.Api.Models\CarbonKitchen.Ingredients.Api.Models.csproj", "{424F87CF-C8CE-4EBE-9B75-A38713A9EC8C}"
EndProject
Project("{9A19103F-16F7-4668-BE54-9A1E7A4F7556}") = "CarbonKitchen.Ingredients.Api.Tests", "Ingredients\CarbonKitchen.Ingredients.Api\CarbonKitchen.Ingredients.Api.Tests\CarbonKitchen.Ingredients.Api.Tests.csproj", "{402C8459-046B-4ECC-9C8F-E9BB713342BC}"
EndProject
Project("{2150E333-8FDC-42A3-9474-1A3956D46DE8}") = "Recipes", "Recipes", "{297BA3D7-9AD0-44E9-9527-A92E33B5F0CB}"
EndProject
Project("{9A19103F-16F7-4668-BE54-9A1E7A4F7556}") = "CarbonKitchen.Recipes.Api", "Recipes\CarbonKitchen.Recipes.Api\CarbonKitchen.Recipes.Api\CarbonKitchen.Recipes.Api.csproj", "{EF12544E-049E-41F7-BFE4-114A5B2EDAA9}"
EndProject
Project("{9A19103F-16F7-4668-BE54-9A1E7A4F7556}") = "CarbonKitchen.Recipes.Api.Models", "Recipes\CarbonKitchen.Recipes.Api\CarbonKitchen.Recipes.Api.Models\CarbonKitchen.Recipes.Api.Models.csproj", "{200EF581-6F7A-4C17-8218-8B100DE39791}"
EndProject
Project("{9A19103F-16F7-4668-BE54-9A1E7A4F7556}") = "CarbonKitchen.Recipes.Api.Tests", "Recipes\CarbonKitchen.Recipes.Api\CarbonKitchen.Recipes.Api.Tests\CarbonKitchen.Recipes.Api.Tests.csproj", "{2182D9F6-321C-4D3B-9EC1-37CE90C4ADE0}"
EndProject
Project("{2150E333-8FDC-42A3-9474-1A3956D46DE8}") = "ShoppingList", "ShoppingList", "{849F4818-A3B1-496B-A8CB-7684BD6F8526}"
EndProject
Project("{9A19103F-16F7-4668-BE54-9A1E7A4F7556}") = "CarbonKitchen.ShoppingListItems.Api", "ShoppingList\CarbonKitchen.ShoppingListItems.Api\CarbonKitchen.ShoppingListItems.Api.csproj", "{FAEEDCEC-2BF3-49ED-B93E-0CFDE0DC97AE}"
EndProject
Project("{9A19103F-16F7-4668-BE54-9A1E7A4F7556}") = "CarbonKitchen.ShoppingListItems.Api.Models", "ShoppingList\CarbonKitchen.ShoppingListItems.Api.Models\CarbonKitchen.ShoppingListItems.Api.Models.csproj", "{F4483B99-8B03-4FC2-A16F-1F54200A2AA6}"
EndProject
Project("{9A19103F-16F7-4668-BE54-9A1E7A4F7556}") = "CarbonKitchen.ShoppingListItems.Api.Tests", "ShoppingList\CarbonKitchen.ShoppingListItems.Api.Tests\CarbonKitchen.ShoppingListItems.Api.Tests.csproj", "{BB90A763-285A-4A73-B936-ADC89ABB3B3F}"
EndProject
Global
	GlobalSection(SolutionConfigurationPlatforms) = preSolution
		Debug|Any CPU = Debug|Any CPU
		Release|Any CPU = Release|Any CPU
	EndGlobalSection
	GlobalSection(ProjectConfigurationPlatforms) = postSolution
		{4C1F35D0-0D74-4A45-959B-26BFCAEC6186}.Debug|Any CPU.ActiveCfg = Debug|Any CPU
		{4C1F35D0-0D74-4A45-959B-26BFCAEC6186}.Debug|Any CPU.Build.0 = Debug|Any CPU
		{4C1F35D0-0D74-4A45-959B-26BFCAEC6186}.Release|Any CPU.ActiveCfg = Release|Any CPU
		{4C1F35D0-0D74-4A45-959B-26BFCAEC6186}.Release|Any CPU.Build.0 = Release|Any CPU
		{424F87CF-C8CE-4EBE-9B75-A38713A9EC8C}.Debug|Any CPU.ActiveCfg = Debug|Any CPU
		{424F87CF-C8CE-4EBE-9B75-A38713A9EC8C}.Debug|Any CPU.Build.0 = Debug|Any CPU
		{424F87CF-C8CE-4EBE-9B75-A38713A9EC8C}.Release|Any CPU.ActiveCfg = Release|Any CPU
		{424F87CF-C8CE-4EBE-9B75-A38713A9EC8C}.Release|Any CPU.Build.0 = Release|Any CPU
		{402C8459-046B-4ECC-9C8F-E9BB713342BC}.Debug|Any CPU.ActiveCfg = Debug|Any CPU
		{402C8459-046B-4ECC-9C8F-E9BB713342BC}.Debug|Any CPU.Build.0 = Debug|Any CPU
		{402C8459-046B-4ECC-9C8F-E9BB713342BC}.Release|Any CPU.ActiveCfg = Release|Any CPU
		{402C8459-046B-4ECC-9C8F-E9BB713342BC}.Release|Any CPU.Build.0 = Release|Any CPU
		{EF12544E-049E-41F7-BFE4-114A5B2EDAA9}.Debug|Any CPU.ActiveCfg = Debug|Any CPU
		{EF12544E-049E-41F7-BFE4-114A5B2EDAA9}.Debug|Any CPU.Build.0 = Debug|Any CPU
		{EF12544E-049E-41F7-BFE4-114A5B2EDAA9}.Release|Any CPU.ActiveCfg = Release|Any CPU
		{EF12544E-049E-41F7-BFE4-114A5B2EDAA9}.Release|Any CPU.Build.0 = Release|Any CPU
		{200EF581-6F7A-4C17-8218-8B100DE39791}.Debug|Any CPU.ActiveCfg = Debug|Any CPU
		{200EF581-6F7A-4C17-8218-8B100DE39791}.Debug|Any CPU.Build.0 = Debug|Any CPU
		{200EF581-6F7A-4C17-8218-8B100DE39791}.Release|Any CPU.ActiveCfg = Release|Any CPU
		{200EF581-6F7A-4C17-8218-8B100DE39791}.Release|Any CPU.Build.0 = Release|Any CPU
		{2182D9F6-321C-4D3B-9EC1-37CE90C4ADE0}.Debug|Any CPU.ActiveCfg = Debug|Any CPU
		{2182D9F6-321C-4D3B-9EC1-37CE90C4ADE0}.Debug|Any CPU.Build.0 = Debug|Any CPU
		{2182D9F6-321C-4D3B-9EC1-37CE90C4ADE0}.Release|Any CPU.ActiveCfg = Release|Any CPU
		{2182D9F6-321C-4D3B-9EC1-37CE90C4ADE0}.Release|Any CPU.Build.0 = Release|Any CPU
		{FAEEDCEC-2BF3-49ED-B93E-0CFDE0DC97AE}.Debug|Any CPU.ActiveCfg = Debug|Any CPU
		{FAEEDCEC-2BF3-49ED-B93E-0CFDE0DC97AE}.Debug|Any CPU.Build.0 = Debug|Any CPU
		{FAEEDCEC-2BF3-49ED-B93E-0CFDE0DC97AE}.Release|Any CPU.ActiveCfg = Release|Any CPU
		{FAEEDCEC-2BF3-49ED-B93E-0CFDE0DC97AE}.Release|Any CPU.Build.0 = Release|Any CPU
		{F4483B99-8B03-4FC2-A16F-1F54200A2AA6}.Debug|Any CPU.ActiveCfg = Debug|Any CPU
		{F4483B99-8B03-4FC2-A16F-1F54200A2AA6}.Debug|Any CPU.Build.0 = Debug|Any CPU
		{F4483B99-8B03-4FC2-A16F-1F54200A2AA6}.Release|Any CPU.ActiveCfg = Release|Any CPU
		{F4483B99-8B03-4FC2-A16F-1F54200A2AA6}.Release|Any CPU.Build.0 = Release|Any CPU
		{BB90A763-285A-4A73-B936-ADC89ABB3B3F}.Debug|Any CPU.ActiveCfg = Debug|Any CPU
		{BB90A763-285A-4A73-B936-ADC89ABB3B3F}.Debug|Any CPU.Build.0 = Debug|Any CPU
		{BB90A763-285A-4A73-B936-ADC89ABB3B3F}.Release|Any CPU.ActiveCfg = Release|Any CPU
		{BB90A763-285A-4A73-B936-ADC89ABB3B3F}.Release|Any CPU.Build.0 = Release|Any CPU
	EndGlobalSection
	GlobalSection(SolutionProperties) = preSolution
		HideSolutionNode = FALSE
	EndGlobalSection
	GlobalSection(NestedProjects) = preSolution
		{4C1F35D0-0D74-4A45-959B-26BFCAEC6186} = {F6D6D8C7-3D74-492A-8ECA-80597586357C}
		{424F87CF-C8CE-4EBE-9B75-A38713A9EC8C} = {F6D6D8C7-3D74-492A-8ECA-80597586357C}
		{402C8459-046B-4ECC-9C8F-E9BB713342BC} = {F6D6D8C7-3D74-492A-8ECA-80597586357C}
		{EF12544E-049E-41F7-BFE4-114A5B2EDAA9} = {297BA3D7-9AD0-44E9-9527-A92E33B5F0CB}
		{200EF581-6F7A-4C17-8218-8B100DE39791} = {297BA3D7-9AD0-44E9-9527-A92E33B5F0CB}
		{2182D9F6-321C-4D3B-9EC1-37CE90C4ADE0} = {297BA3D7-9AD0-44E9-9527-A92E33B5F0CB}
		{FAEEDCEC-2BF3-49ED-B93E-0CFDE0DC97AE} = {849F4818-A3B1-496B-A8CB-7684BD6F8526}
		{F4483B99-8B03-4FC2-A16F-1F54200A2AA6} = {849F4818-A3B1-496B-A8CB-7684BD6F8526}
		{BB90A763-285A-4A73-B936-ADC89ABB3B3F} = {849F4818-A3B1-496B-A8CB-7684BD6F8526}
	EndGlobalSection
	GlobalSection(ExtensibilityGlobals) = postSolution
		SolutionGuid = {015EFD77-4377-4346-9244-21808B61501C}
	EndGlobalSection
EndGlobal
